GEM
  remote: https://rubygems.org/
  specs:
    base64 (0.3.0)
    citrus (3.0.2)
    pastel (0.8.0)
      tty-color (~> 0.5)
    racc (1.8.1)
    terminal-table (3.0.2)
      unicode-display_width (>= 1.1.1, < 3)
    thor (1.5.0)
    toml-rb (3.0.1)
      citrus (~> 3.0, > 3.0)
      racc (~> 1.7)
    tty-color (0.6.0)
    unicode-display_width (2.6.0)

PLATFORMS
  arm64-darwin-25
  ruby

DEPENDENCIES
  base64
  pastel (~> 0.8)
  terminal-table (~> 3.0)
  thor (~> 1.3)
  toml-rb (~> 3.0)

BUNDLED WITH
   2.6.9
